// !$*UTF8*$!
{
	archiveVersion = 1;
	classes = {
	};
	objectVersion = 77;
	objects = {

/* Begin PBXContainerItemProxy section */
		D98036172D8106F600FE79BE /* PBXContainerItemProxy */ = {
			isa = PBXContainerItemProxy;
			containerPortal = D98035F52D8106F400FE79BE /* Project object */;
			proxyType = 1;
			remoteGlobalIDString = D98035FC2D8106F400FE79BE;
			remoteInfo = ActionGame2025;
		};
		D98036212D8106F600FE79BE /* PBXContainerItemProxy */ = {
			isa = PBXContainerItemProxy;
			containerPortal = D98035F52D8106F400FE79BE /* Project object */;
			proxyType = 1;
			remoteGlobalIDString = D98035FC2D8106F400FE79BE;
			remoteInfo = ActionGame2025;
		};
/* End PBXContainerItemProxy section */

/* Begin PBXFileReference section */
		D98035FD2D8106F400FE79BE /* ActionGame2025.app */ = {isa = PBXFileReference; explicitFileType = wrapper.application; includeInIndex = 0; path = ActionGame2025.app; sourceTree = BUILT_PRODUCTS_DIR; };
		D98036162D8106F600FE79BE /* ActionGame2025Tests.xctest */ = {isa = PBXFileReference; explicitFileType = wrapper.cfbundle; includeInIndex = 0; path = ActionGame2025Tests.xctest; sourceTree = BUILT_PRODUCTS_DIR; };
		D98036202D8106F600FE79BE /* ActionGame2025UITests.xctest */ = {isa = PBXFileReference; explicitFileType = wrapper.cfbundle; includeInIndex = 0; path = ActionGame2025UITests.xctest; sourceTree = BUILT_PRODUCTS_DIR; };
/* End PBXFileReference section */

/* Begin PBXFileSystemSynchronizedRootGroup section */
		D98035FF2D8106F400FE79BE /* ActionGame2025 */ = {
			isa = PBXFileSystemSynchronizedRootGroup;
			path = ActionGame2025;
			sourceTree = "<group>";
		};
		D98036192D8106F600FE79BE /* ActionGame2025Tests */ = {
			isa = PBXFileSystemSynchronizedRootGroup;
			path = ActionGame2025Tests;
			sourceTree = "<group>";
		};
		D98036232D8106F600FE79BE /* ActionGame2025UITests */ = {
			isa = PBXFileSystemSynchronizedRootGroup;
			path = ActionGame2025UITests;
			sourceTree = "<group>";
		};
/* End PBXFileSystemSynchronizedRootGroup section */

/* Begin PBXFrameworksBuildPhase section */
		D98035FA2D8106F400FE79BE /* Frameworks */ = {
			isa = PBXFrameworksBuildPhase;
			buildActionMask = 2147483647;
			files = (
			);
			runOnlyForDeploymentPostprocessing = 0;
		};
		D98036132D8106F600FE79BE /* Frameworks */ = {
			isa = PBXFrameworksBuildPhase;
			buildActionMask = 2147483647;
			files = (
			);
			runOnlyForDeploymentPostprocessing = 0;
		};
		D980361D2D8106F600FE79BE /* Frameworks */ = {
			isa = PBXFrameworksBuildPhase;
			buildActionMask = 2147483647;
			files = (
			);
			runOnlyForDeploymentPostprocessing = 0;
		};
/* End PBXFrameworksBuildPhase section */

/* Begin PBXGroup section */
		D98035F42D8106F400FE79BE = {
			isa = PBXGroup;
			children = (
				D98035FF2D8106F400FE79BE /* ActionGame2025 */,
				D98036192D8106F600FE79BE /* ActionGame2025Tests */,
				D98036232D8106F600FE79BE /* ActionGame2025UITests */,
				D98035FE2D8106F400FE79BE /* Products */,
			);
			sourceTree = "<group>";
		};
		D98035FE2D8106F400FE79BE /* Products */ = {
			isa = PBXGroup;
			children = (
				D98035FD2D8106F400FE79BE /* ActionGame2025.app */,
				D98036162D8106F600FE79BE /* ActionGame2025Tests.xctest */,
				D98036202D8106F600FE79BE /* ActionGame2025UITests.xctest */,
			);
			name = Products;
			sourceTree = "<group>";
		};
/* End PBXGroup section */

/* Begin PBXNativeTarget section */
		D98035FC2D8106F400FE79BE /* ActionGame2025 */ = {
			isa = PBXNativeTarget;
			buildConfigurationList = D980362A2D8106F600FE79BE /* Build configuration list for PBXNativeTarget "ActionGame2025" */;
			buildPhases = (
				D98035F92D8106F400FE79BE /* Sources */,
				D98035FA2D8106F400FE79BE /* Frameworks */,
				D98035FB2D8106F400FE79BE /* Resources */,
			);
			buildRules = (
			);
			dependencies = (
			);
			fileSystemSynchronizedGroups = (
				D98035FF2D8106F400FE79BE /* ActionGame2025 */,
			);
			name = ActionGame2025;
			packageProductDependencies = (
			);
			productName = ActionGame2025;
			productReference = D98035FD2D8106F400FE79BE /* ActionGame2025.app */;
			productType = "com.apple.product-type.application";
		};
		D98036152D8106F600FE79BE /* ActionGame2025Tests */ = {
			isa = PBXNativeTarget;
			buildConfigurationList = D980362D2D8106F600FE79BE /* Build configuration list for PBXNativeTarget "ActionGame2025Tests" */;
			buildPhases = (
				D98036122D8106F600FE79BE /* Sources */,
				D98036132D8106F600FE79BE /* Frameworks */,
				D98036142D8106F600FE79BE /* Resources */,
			);
			buildRules = (
			);
			dependencies = (
				D98036182D8106F600FE79BE /* PBXTargetDependency */,
			);
			fileSystemSynchronizedGroups = (
				D98036192D8106F600FE79BE /* ActionGame2025Tests */,
			);
			name = ActionGame2025Tests;
			packageProductDependencies = (
			);
			productName = ActionGame2025Tests;
			productReference = D98036162D8106F600FE79BE /* ActionGame2025Tests.xctest */;
			productType = "com.apple.product-type.bundle.unit-test";
		};
		D980361F2D8106F600FE79BE /* ActionGame2025UITests */ = {
			isa = PBXNativeTarget;
			buildConfigurationList = D98036302D8106F600FE79BE /* Build configuration list for PBXNativeTarget "ActionGame2025UITests" */;
			buildPhases = (
				D980361C2D8106F600FE79BE /* Sources */,
				D980361D2D8106F600FE79BE /* Frameworks */,
				D980361E2D8106F600FE79BE /* Resources */,
			);
			buildRules = (
			);
			dependencies = (
				D98036222D8106F600FE79BE /* PBXTargetDependency */,
			);
			fileSystemSynchronizedGroups = (
				D98036232D8106F600FE79BE /* ActionGame2025UITests */,
			);
			name = ActionGame2025UITests;
			packageProductDependencies = (
			);
			productName = ActionGame2025UITests;
			productReference = D98036202D8106F600FE79BE /* ActionGame2025UITests.xctest */;
			productType = "com.apple.product-type.bundle.ui-testing";
		};
/* End PBXNativeTarget section */

/* Begin PBXProject section */
		D98035F52D8106F400FE79BE /* Project object */ = {
			isa = PBXProject;
			attributes = {
				BuildIndependentTargetsInParallel = 1;
				LastSwiftUpdateCheck = 1620;
				LastUpgradeCheck = 1620;
				TargetAttributes = {
					D98035FC2D8106F400FE79BE = {
						CreatedOnToolsVersion = 16.2;
					};
					D98036152D8106F600FE79BE = {
						CreatedOnToolsVersion = 16.2;
						TestTargetID = D98035FC2D8106F400FE79BE;
					};
					D980361F2D8106F600FE79BE = {
						CreatedOnToolsVersion = 16.2;
						TestTargetID = D98035FC2D8106F400FE79BE;
					};
				};
			};
			buildConfigurationList = D98035F82D8106F400FE79BE /* Build configuration list for PBXProject "ActionGame2025" */;
			developmentRegion = en;
			hasScannedForEncodings = 0;
			knownRegions = (
				en,
				Base,
			);
			mainGroup = D98035F42D8106F400FE79BE;
			minimizedProjectReferenceProxies = 1;
			preferredProjectObjectVersion = 77;
			productRefGroup = D98035FE2D8106F400FE79BE /* Products */;
			projectDirPath = "";
			projectRoot = "";
			targets = (
				D98035FC2D8106F400FE79BE /* ActionGame2025 */,
				D98036152D8106F600FE79BE /* ActionGame2025Tests */,
				D980361F2D8106F600FE79BE /* ActionGame2025UITests */,
			);
		};
/* End PBXProject section */

/* Begin PBXResourcesBuildPhase section */
		D98035FB2D8106F400FE79BE /* Resources */ = {
			isa = PBXResourcesBuildPhase;
			buildActionMask = 2147483647;
			files = (
			);
			runOnlyForDeploymentPostprocessing = 0;
		};
		D98036142D8106F600FE79BE /* Resources */ = {
			isa = PBXResourcesBuildPhase;
			buildActionMask = 2147483647;
			files = (
			);
			runOnlyForDeploymentPostprocessing = 0;
		};
		D980361E2D8106F600FE79BE /* Resources */ = {
			isa = PBXResourcesBuildPhase;
			buildActionMask = 2147483647;
			files = (
			);
			runOnlyForDeploymentPostprocessing = 0;
		};
/* End PBXResourcesBuildPhase section */

/* Begin PBXSourcesBuildPhase section */
		D98035F92D8106F400FE79BE /* Sources */ = {
			isa = PBXSourcesBuildPhase;
			buildActionMask = 2147483647;
			files = (
			);
			runOnlyForDeploymentPostprocessing = 0;
		};
		D98036122D8106F600FE79BE /* Sources */ = {
			isa = PBXSourcesBuildPhase;
			buildActionMask = 2147483647;
			files = (
			);
			runOnlyForDeploymentPostprocessing = 0;
		};
		D980361C2D8106F600FE79BE /* Sources */ = {
			isa = PBXSourcesBuildPhase;
			buildActionMask = 2147483647;
			files = (
			);
			runOnlyForDeploymentPostprocessing = 0;
		};
/* End PBXSourcesBuildPhase section */

/* Begin PBXTargetDependency section */
		D98036182D8106F600FE79BE /* PBXTargetDependency */ = {
			isa = PBXTargetDependency;
			target = D98035FC2D8106F400FE79BE /* ActionGame2025 */;
			targetProxy = D98036172D8106F600FE79BE /* PBXContainerItemProxy */;
		};
		D98036222D8106F600FE79BE /* PBXTargetDependency */ = {
			isa = PBXTargetDependency;
			target = D98035FC2D8106F400FE79BE /* ActionGame2025 */;
			targetProxy = D98036212D8106F600FE79BE /* PBXContainerItemProxy */;
		};
/* End PBXTargetDependency section */

/* Begin XCBuildConfiguration section */
		D98036282D8106F600FE79BE /* Debug */ = {
			isa = XCBuildConfiguration;
			buildSettings = {
				ALWAYS_SEARCH_USER_PATHS = NO;
				ASSETCATALOG_COMPILER_GENERATE_SWIFT_ASSET_SYMBOL_EXTENSIONS = YES;
				CLANG_ANALYZER_NONNULL = YES;
				CLANG_ANALYZER_NUMBER_OBJECT_CONVERSION = YES_AGGRESSIVE;
				CLANG_CXX_LANGUAGE_STANDARD = "gnu++20";
				CLANG_ENABLE_MODULES = YES;
				CLANG_ENABLE_OBJC_ARC = YES;
				CLANG_ENABLE_OBJC_WEAK = YES;
				CLANG_WARN_BLOCK_CAPTURE_AUTORELEASING = YES;
				CLANG_WARN_BOOL_CONVERSION = YES;
				CLANG_WARN_COMMA = YES;
				CLANG_WARN_CONSTANT_CONVERSION = YES;
				CLANG_WARN_DEPRECATED_OBJC_IMPLEMENTATIONS = YES;
				CLANG_WARN_DIRECT_OBJC_ISA_USAGE = YES_ERROR;
				CLANG_WARN_DOCUMENTATION_COMMENTS = YES;
				CLANG_WARN_EMPTY_BODY = YES;
				CLANG_WARN_ENUM_CONVERSION = YES;
				CLANG_WARN_INFINITE_RECURSION = YES;
				CLANG_WARN_INT_CONVERSION = YES;
				CLANG_WARN_NON_LITERAL_NULL_CONVERSION = YES;
				CLANG_WARN_OBJC_IMPLICIT_RETAIN_SELF = YES;
				CLANG_WARN_OBJC_LITERAL_CONVERSION = YES;
				CLANG_WARN_OBJC_ROOT_CLASS = YES_ERROR;
				CLANG_WARN_QUOTED_INCLUDE_IN_FRAMEWORK_HEADER = YES;
				CLANG_WARN_RANGE_LOOP_ANALYSIS = YES;
				CLANG_WARN_STRICT_PROTOTYPES = YES;
				CLANG_WARN_SUSPICIOUS_MOVE = YES;
				CLANG_WARN_UNGUARDED_AVAILABILITY = YES_AGGRESSIVE;
				CLANG_WARN_UNREACHABLE_CODE = YES;
				CLANG_WARN__DUPLICATE_METHOD_MATCH = YES;
				COPY_PHASE_STRIP = NO;
				DEBUG_INFORMATION_FORMAT = dwarf;
				ENABLE_STRICT_OBJC_MSGSEND = YES;
				ENABLE_TESTABILITY = YES;
				ENABLE_USER_SCRIPT_SANDBOXING = YES;
				GCC_C_LANGUAGE_STANDARD = gnu17;
				GCC_DYNAMIC_NO_PIC = NO;
				GCC_NO_COMMON_BLOCKS = YES;
				GCC_OPTIMIZATION_LEVEL = 0;
				GCC_PREPROCESSOR_DEFINITIONS = (
					"DEBUG=1",
					"$(inherited)",
				);
				GCC_WARN_64_TO_32_BIT_CONVERSION = YES;
				GCC_WARN_ABOUT_RETURN_TYPE = YES_ERROR;
				GCC_WARN_UNDECLARED_SELECTOR = YES;
				GCC_WARN_UNINITIALIZED_AUTOS = YES_AGGRESSIVE;
				GCC_WARN_UNUSED_FUNCTION = YES;
				GCC_WARN_UNUSED_VARIABLE = YES;
				IPHONEOS_DEPLOYMENT_TARGET = 18.2;
				LOCALIZATION_PREFERS_STRING_CATALOGS = YES;
				MTL_ENABLE_DEBUG_INFO = INCLUDE_SOURCE;
				MTL_FAST_MATH = YES;
				ONLY_ACTIVE_ARCH = YES;
				SDKROOT = iphoneos;
				SWIFT_ACTIVE_COMPILATION_CONDITIONS = "DEBUG $(inherited)";
				SWIFT_OPTIMIZATION_LEVEL = "-Onone";
			};
			name = Debug;
		};
		D98036292D8106F600FE79BE /* Release */ = {
			isa = XCBuildConfiguration;
			buildSettings = {
				ALWAYS_SEARCH_USER_PATHS = NO;
				ASSETCATALOG_COMPILER_GENERATE_SWIFT_ASSET_SYMBOL_EXTENSIONS = YES;
				CLANG_ANALYZER_NONNULL = YES;
				CLANG_ANALYZER_NUMBER_OBJECT_CONVERSION = YES_AGGRESSIVE;
				CLANG_CXX_LANGUAGE_STANDARD = "gnu++20";
				CLANG_ENABLE_MODULES = YES;
				CLANG_ENABLE_OBJC_ARC = YES;
				CLANG_ENABLE_OBJC_WEAK = YES;
				CLANG_WARN_BLOCK_CAPTURE_AUTORELEASING = YES;
				CLANG_WARN_BOOL_CONVERSION = YES;
				CLANG_WARN_COMMA = YES;
				CLANG_WARN_CONSTANT_CONVERSION = YES;
				CLANG_WARN_DEPRECATED_OBJC_IMPLEMENTATIONS = YES;
				CLANG_WARN_DIRECT_OBJC_ISA_USAGE = YES_ERROR;
				CLANG_WARN_DOCUMENTATION_COMMENTS = YES;
				CLANG_WARN_EMPTY_BODY = YES;
				CLANG_WARN_ENUM_CONVERSION = YES;
				CLANG_WARN_INFINITE_RECURSION = YES;
				CLANG_WARN_INT_CONVERSION = YES;
				CLANG_WARN_NON_LITERAL_NULL_CONVERSION = YES;
				CLANG_WARN_OBJC_IMPLICIT_RETAIN_SELF = YES;
				CLANG_WARN_OBJC_LITERAL_CONVERSION = YES;
				CLANG_WARN_OBJC_ROOT_CLASS = YES_ERROR;
				CLANG_WARN_QUOTED_INCLUDE_IN_FRAMEWORK_HEADER = YES;
				CLANG_WARN_RANGE_LOOP_ANALYSIS = YES;
				CLANG_WARN_STRICT_PROTOTYPES = YES;
				CLANG_WARN_SUSPICIOUS_MOVE = YES;
				CLANG_WARN_UNGUARDED_AVAILABILITY = YES_AGGRESSIVE;
				CLANG_WARN_UNREACHABLE_CODE = YES;
				CLANG_WARN__DUPLICATE_METHOD_MATCH = YES;
				COPY_PHASE_STRIP = NO;
				DEBUG_INFORMATION_FORMAT = "dwarf-with-dsym";
				ENABLE_NS_ASSERTIONS = NO;
				ENABLE_STRICT_OBJC_MSGSEND = YES;
				ENABLE_USER_SCRIPT_SANDBOXING = YES;
				GCC_C_LANGUAGE_STANDARD = gnu17;
				GCC_NO_COMMON_BLOCKS = YES;
				GCC_WARN_64_TO_32_BIT_CONVERSION = YES;
				GCC_WARN_ABOUT_RETURN_TYPE = YES_ERROR;
				GCC_WARN_UNDECLARED_SELECTOR = YES;
				GCC_WARN_UNINITIALIZED_AUTOS = YES_AGGRESSIVE;
				GCC_WARN_UNUSED_FUNCTION = YES;
				GCC_WARN_UNUSED_VARIABLE = YES;
				IPHONEOS_DEPLOYMENT_TARGET = 18.2;
				LOCALIZATION_PREFERS_STRING_CATALOGS = YES;
				MTL_ENABLE_DEBUG_INFO = NO;
				MTL_FAST_MATH = YES;
				SDKROOT = iphoneos;
				SWIFT_COMPILATION_MODE = wholemodule;
				VALIDATE_PRODUCT = YES;
			};
			name = Release;
		};
		D980362B2D8106F600FE79BE /* Debug */ = {
			isa = XCBuildConfiguration;
			buildSettings = {
				ASSETCATALOG_COMPILER_APPICON_NAME = AppIcon;
				ASSETCATALOG_COMPILER_GLOBAL_ACCENT_COLOR_NAME = AccentColor;
				CODE_SIGN_STYLE = Automatic;
				CURRENT_PROJECT_VERSION = 1;
				GENERATE_INFOPLIST_FILE = YES;
				INFOPLIST_KEY_UIApplicationSupportsIndirectInputEvents = YES;
				INFOPLIST_KEY_UILaunchStoryboardName = LaunchScreen;
				INFOPLIST_KEY_UIMainStoryboardFile = Main;
				INFOPLIST_KEY_UIStatusBarHidden = YES;
				INFOPLIST_KEY_UISupportedInterfaceOrientations_iPad = "UIInterfaceOrientationPortrait UIInterfaceOrientationPortraitUpsideDown UIInterfaceOrientationLandscapeLeft UIInterfaceOrientationLandscapeRight";
				INFOPLIST_KEY_UISupportedInterfaceOrientations_iPhone = "UIInterfaceOrientationPortrait UIInterfaceOrientationLandscapeLeft UIInterfaceOrientationLandscapeRight";
				LD_RUNPATH_SEARCH_PATHS = (
					"$(inherited)",
					"@executable_path/Frameworks",
				);
				MARKETING_VERSION = 1.0;
				PRODUCT_BUNDLE_IDENTIFIER = ca.camosun.icsC0465047.ActionGame2025;
				PRODUCT_NAME = "$(TARGET_NAME)";
				SWIFT_EMIT_LOC_STRINGS = YES;
				SWIFT_VERSION = 5.0;
				TARGETED_DEVICE_FAMILY = "1,2";
			};
			name = Debug;
		};
		D980362C2D8106F600FE79BE /* Release */ = {
			isa = XCBuildConfiguration;
			buildSettings = {
				ASSETCATALOG_COMPILER_APPICON_NAME = AppIcon;
				ASSETCATALOG_COMPILER_GLOBAL_ACCENT_COLOR_NAME = AccentColor;
				CODE_SIGN_STYLE = Automatic;
				CURRENT_PROJECT_VERSION = 1;
				GENERATE_INFOPLIST_FILE = YES;
				INFOPLIST_KEY_UIApplicationSupportsIndirectInputEvents = YES;
				INFOPLIST_KEY_UILaunchStoryboardName = LaunchScreen;
				INFOPLIST_KEY_UIMainStoryboardFile = Main;
				INFOPLIST_KEY_UIStatusBarHidden = YES;
				INFOPLIST_KEY_UISupportedInterfaceOrientations_iPad = "UIInterfaceOrientationPortrait UIInterfaceOrientationPortraitUpsideDown UIInterfaceOrientationLandscapeLeft UIInterfaceOrientationLandscapeRight";
				INFOPLIST_KEY_UISupportedInterfaceOrientations_iPhone = "UIInterfaceOrientationPortrait UIInterfaceOrientationLandscapeLeft UIInterfaceOrientationLandscapeRight";
				LD_RUNPATH_SEARCH_PATHS = (
					"$(inherited)",
					"@executable_path/Frameworks",
				);
				MARKETING_VERSION = 1.0;
				PRODUCT_BUNDLE_IDENTIFIER = ca.camosun.icsC0465047.ActionGame2025;
				PRODUCT_NAME = "$(TARGET_NAME)";
				SWIFT_EMIT_LOC_STRINGS = YES;
				SWIFT_VERSION = 5.0;
				TARGETED_DEVICE_FAMILY = "1,2";
			};
			name = Release;
		};
		D980362E2D8106F600FE79BE /* Debug */ = {
			isa = XCBuildConfiguration;
			buildSettings = {
				BUNDLE_LOADER = "$(TEST_HOST)";
				CODE_SIGN_STYLE = Automatic;
				CURRENT_PROJECT_VERSION = 1;
				GENERATE_INFOPLIST_FILE = YES;
				IPHONEOS_DEPLOYMENT_TARGET = 18.2;
				MARKETING_VERSION = 1.0;
				PRODUCT_BUNDLE_IDENTIFIER = ca.camosun.icsC0465047.ActionGame2025Tests;
				PRODUCT_NAME = "$(TARGET_NAME)";
				SWIFT_EMIT_LOC_STRINGS = NO;
				SWIFT_VERSION = 5.0;
				TARGETED_DEVICE_FAMILY = "1,2";
				TEST_HOST = "$(BUILT_PRODUCTS_DIR)/ActionGame2025.app/$(BUNDLE_EXECUTABLE_FOLDER_PATH)/ActionGame2025";
			};
			name = Debug;
		};
		D980362F2D8106F600FE79BE /* Release */ = {
			isa = XCBuildConfiguration;
			buildSettings = {
				BUNDLE_LOADER = "$(TEST_HOST)";
				CODE_SIGN_STYLE = Automatic;
				CURRENT_PROJECT_VERSION = 1;
				GENERATE_INFOPLIST_FILE = YES;
				IPHONEOS_DEPLOYMENT_TARGET = 18.2;
				MARKETING_VERSION = 1.0;
				PRODUCT_BUNDLE_IDENTIFIER = ca.camosun.icsC0465047.ActionGame2025Tests;
				PRODUCT_NAME = "$(TARGET_NAME)";
				SWIFT_EMIT_LOC_STRINGS = NO;
				SWIFT_VERSION = 5.0;
				TARGETED_DEVICE_FAMILY = "1,2";
				TEST_HOST = "$(BUILT_PRODUCTS_DIR)/ActionGame2025.app/$(BUNDLE_EXECUTABLE_FOLDER_PATH)/ActionGame2025";
			};
			name = Release;
		};
		D98036312D8106F600FE79BE /* Debug */ = {
			isa = XCBuildConfiguration;
			buildSettings = {
				CODE_SIGN_STYLE = Automatic;
				CURRENT_PROJECT_VERSION = 1;
				GENERATE_INFOPLIST_FILE = YES;
				MARKETING_VERSION = 1.0;
				PRODUCT_BUNDLE_IDENTIFIER = ca.camosun.icsC0465047.ActionGame2025UITests;
				PRODUCT_NAME = "$(TARGET_NAME)";
				SWIFT_EMIT_LOC_STRINGS = NO;
				SWIFT_VERSION = 5.0;
				TARGETED_DEVICE_FAMILY = "1,2";
				TEST_TARGET_NAME = ActionGame2025;
			};
			name = Debug;
		};
		D98036322D8106F600FE79BE /* Release */ = {
			isa = XCBuildConfiguration;
			buildSettings = {
				CODE_SIGN_STYLE = Automatic;
				CURRENT_PROJECT_VERSION = 1;
				GENERATE_INFOPLIST_FILE = YES;
				MARKETING_VERSION = 1.0;
				PRODUCT_BUNDLE_IDENTIFIER = ca.camosun.icsC0465047.ActionGame2025UITests;
				PRODUCT_NAME = "$(TARGET_NAME)";
				SWIFT_EMIT_LOC_STRINGS = NO;
				SWIFT_VERSION = 5.0;
				TARGETED_DEVICE_FAMILY = "1,2";
				TEST_TARGET_NAME = ActionGame2025;
			};
			name = Release;
		};
/* End XCBuildConfiguration section */

/* Begin XCConfigurationList section */
		D98035F82D8106F400FE79BE /* Build configuration list for PBXProject "ActionGame2025" */ = {
			isa = XCConfigurationList;
			buildConfigurations = (
				D98036282D8106F600FE79BE /* Debug */,
				D98036292D8106F600FE79BE /* Release */,
			);
			defaultConfigurationIsVisible = 0;
			defaultConfigurationName = Release;
		};
		D980362A2D8106F600FE79BE /* Build configuration list for PBXNativeTarget "ActionGame2025" */ = {
			isa = XCConfigurationList;
			buildConfigurations = (
				D980362B2D8106F600FE79BE /* Debug */,
				D980362C2D8106F600FE79BE /* Release */,
			);
			defaultConfigurationIsVisible = 0;
			defaultConfigurationName = Release;
		};
		D980362D2D8106F600FE79BE /* Build configuration list for PBXNativeTarget "ActionGame2025Tests" */ = {
			isa = XCConfigurationList;
			buildConfigurations = (
				D980362E2D8106F600FE79BE /* Debug */,
				D980362F2D8106F600FE79BE /* Release */,
			);
			defaultConfigurationIsVisible = 0;
			defaultConfigurationName = Release;
		};
		D98036302D8106F600FE79BE /* Build configuration list for PBXNativeTarget "ActionGame2025UITests" */ = {
			isa = XCConfigurationList;
			buildConfigurations = (
				D98036312D8106F600FE79BE /* Debug */,
				D98036322D8106F600FE79BE /* Release */,
			);
			defaultConfigurationIsVisible = 0;
			defaultConfigurationName = Release;
		};
/* End XCConfigurationList section */
	};
	rootObject = D98035F52D8106F400FE79BE /* Project object */;
}
